
Microsoft Visual Studio Solution File, Format Version 12.00
# Visual Studio 15
Project("{FAE04EC0-301F-11D3-BF4B-00C04F79EFBC}") = "BethanysPieShopStockApp.Android", "BethanysPieShopStockApp.Android\BethanysPieShopStockApp.Android.csproj", "{7026FAB8-A43E-4763-8C2C-5F2FAA20A871}"
EndProject
Project("{FAE04EC0-301F-11D3-BF4B-00C04F79EFBC}") = "BethanysPieShopStockApp.iOS", "BethanysPieShopStockApp.iOS\BethanysPieShopStockApp.iOS.csproj", "{37DF55FF-6EB8-43AF-9D96-67C60A53C7FA}"
EndProject
Project("{FAE04EC0-301F-11D3-BF4B-00C04F79EFBC}") = "BethanysPieShopStockApp", "BethanysPieShopStockApp\BethanysPieShopStockApp.csproj", "{9EEECE4F-5536-4D79-9834-8DB9C7BDC5F3}"
EndProject
Global
	GlobalSection(SolutionConfigurationPlatforms) = preSolution
		Debug|Any CPU = Debug|Any CPU
		Release|Any CPU = Release|Any CPU
		Debug|iPhoneSimulator = Debug|iPhoneSimulator
		Release|iPhoneSimulator = Release|iPhoneSimulator
		Debug|iPhone = Debug|iPhone
		Release|iPhone = Release|iPhone
	EndGlobalSection
	GlobalSection(ProjectConfigurationPlatforms) = postSolution
		{7026FAB8-A43E-4763-8C2C-5F2FAA20A871}.Debug|Any CPU.ActiveCfg = Debug|Any CPU
		{7026FAB8-A43E-4763-8C2C-5F2FAA20A871}.Debug|Any CPU.Build.0 = Debug|Any CPU
		{7026FAB8-A43E-4763-8C2C-5F2FAA20A871}.Release|Any CPU.ActiveCfg = Release|Any CPU
		{7026FAB8-A43E-4763-8C2C-5F2FAA20A871}.Release|Any CPU.Build.0 = Release|Any CPU
		{7026FAB8-A43E-4763-8C2C-5F2FAA20A871}.Debug|iPhoneSimulator.ActiveCfg = Debug|Any CPU
		{7026FAB8-A43E-4763-8C2C-5F2FAA20A871}.Debug|iPhoneSimulator.Build.0 = Debug|Any CPU
		{7026FAB8-A43E-4763-8C2C-5F2FAA20A871}.Release|iPhoneSimulator.ActiveCfg = Release|Any CPU
		{7026FAB8-A43E-4763-8C2C-5F2FAA20A871}.Release|iPhoneSimulator.Build.0 = Release|Any CPU
		{7026FAB8-A43E-4763-8C2C-5F2FAA20A871}.Debug|iPhone.ActiveCfg = Debug|Any CPU
		{7026FAB8-A43E-4763-8C2C-5F2FAA20A871}.Debug|iPhone.Build.0 = Debug|Any CPU
		{7026FAB8-A43E-4763-8C2C-5F2FAA20A871}.Release|iPhone.ActiveCfg = Release|Any CPU
		{7026FAB8-A43E-4763-8C2C-5F2FAA20A871}.Release|iPhone.Build.0 = Release|Any CPU
		{37DF55FF-6EB8-43AF-9D96-67C60A53C7FA}.Debug|Any CPU.ActiveCfg = Debug|iPhoneSimulator
		{37DF55FF-6EB8-43AF-9D96-67C60A53C7FA}.Debug|Any CPU.Build.0 = Debug|iPhoneSimulator
		{37DF55FF-6EB8-43AF-9D96-67C60A53C7FA}.Release|Any CPU.ActiveCfg = Release|iPhoneSimulator
		{37DF55FF-6EB8-43AF-9D96-67C60A53C7FA}.Release|Any CPU.Build.0 = Release|iPhoneSimulator
		{37DF55FF-6EB8-43AF-9D96-67C60A53C7FA}.Debug|iPhoneSimulator.ActiveCfg = Debug|iPhoneSimulator
		{37DF55FF-6EB8-43AF-9D96-67C60A53C7FA}.Debug|iPhoneSimulator.Build.0 = Debug|iPhoneSimulator
		{37DF55FF-6EB8-43AF-9D96-67C60A53C7FA}.Release|iPhoneSimulator.ActiveCfg = Release|iPhoneSimulator
		{37DF55FF-6EB8-43AF-9D96-67C60A53C7FA}.Release|iPhoneSimulator.Build.0 = Release|iPhoneSimulator
		{37DF55FF-6EB8-43AF-9D96-67C60A53C7FA}.Debug|iPhone.ActiveCfg = Debug|iPhone
		{37DF55FF-6EB8-43AF-9D96-67C60A53C7FA}.Debug|iPhone.Build.0 = Debug|iPhone
		{37DF55FF-6EB8-43AF-9D96-67C60A53C7FA}.Release|iPhone.ActiveCfg = Release|iPhone
		{37DF55FF-6EB8-43AF-9D96-67C60A53C7FA}.Release|iPhone.Build.0 = Release|iPhone
		{9EEECE4F-5536-4D79-9834-8DB9C7BDC5F3}.Debug|Any CPU.ActiveCfg = Debug|Any CPU
		{9EEECE4F-5536-4D79-9834-8DB9C7BDC5F3}.Debug|Any CPU.Build.0 = Debug|Any CPU
		{9EEECE4F-5536-4D79-9834-8DB9C7BDC5F3}.Release|Any CPU.ActiveCfg = Release|Any CPU
		{9EEECE4F-5536-4D79-9834-8DB9C7BDC5F3}.Release|Any CPU.Build.0 = Release|Any CPU
		{9EEECE4F-5536-4D79-9834-8DB9C7BDC5F3}.Debug|iPhoneSimulator.ActiveCfg = Debug|Any CPU
		{9EEECE4F-5536-4D79-9834-8DB9C7BDC5F3}.Debug|iPhoneSimulator.Build.0 = Debug|Any CPU
		{9EEECE4F-5536-4D79-9834-8DB9C7BDC5F3}.Release|iPhoneSimulator.ActiveCfg = Release|Any CPU
		{9EEECE4F-5536-4D79-9834-8DB9C7BDC5F3}.Release|iPhoneSimulator.Build.0 = Release|Any CPU
		{9EEECE4F-5536-4D79-9834-8DB9C7BDC5F3}.Debug|iPhone.ActiveCfg = Debug|Any CPU
		{9EEECE4F-5536-4D79-9834-8DB9C7BDC5F3}.Debug|iPhone.Build.0 = Debug|Any CPU
		{9EEECE4F-5536-4D79-9834-8DB9C7BDC5F3}.Release|iPhone.ActiveCfg = Release|Any CPU
		{9EEECE4F-5536-4D79-9834-8DB9C7BDC5F3}.Release|iPhone.Build.0 = Release|Any CPU
	EndGlobalSection
EndGlobal
